// !$*UTF8*$!
{
	archiveVersion = 1;
	classes = {
	};
	objectVersion = 56;
	objects = {

/* Begin PBXBuildFile section */
		FA5773B029066E2300318CFD /* initialViewController.swift in Sources */ = {isa = PBXBuildFile; fileRef = FA5773AF29066E2300318CFD /* initialViewController.swift */; };
		FAD21D112906651C00F9FD20 /* AppDelegate.swift in Sources */ = {isa = PBXBuildFile; fileRef = FAD21D102906651C00F9FD20 /* AppDelegate.swift */; };
		FAD21D132906651C00F9FD20 /* SceneDelegate.swift in Sources */ = {isa = PBXBuildFile; fileRef = FAD21D122906651C00F9FD20 /* SceneDelegate.swift */; };
		FAD21D152906651C00F9FD20 /* ViewController.swift in Sources */ = {isa = PBXBuildFile; fileRef = FAD21D142906651C00F9FD20 /* ViewController.swift */; };
		FAD21D1B2906651C00F9FD20 /* HARU.xcdatamodeld in Sources */ = {isa = PBXBuildFile; fileRef = FAD21D192906651C00F9FD20 /* HARU.xcdatamodeld */; };
		FAD21D1D2906651D00F9FD20 /* Assets.xcassets in Resources */ = {isa = PBXBuildFile; fileRef = FAD21D1C2906651D00F9FD20 /* Assets.xcassets */; };
		FAD21D202906651D00F9FD20 /* LaunchScreen.storyboard in Resources */ = {isa = PBXBuildFile; fileRef = FAD21D1E2906651D00F9FD20 /* LaunchScreen.storyboard */; };
		FAD21D2B2906651D00F9FD20 /* HARUTests.swift in Sources */ = {isa = PBXBuildFile; fileRef = FAD21D2A2906651D00F9FD20 /* HARUTests.swift */; };
		FAD21D352906651D00F9FD20 /* HARUUITests.swift in Sources */ = {isa = PBXBuildFile; fileRef = FAD21D342906651D00F9FD20 /* HARUUITests.swift */; };
		FAD21D372906651D00F9FD20 /* HARUUITestsLaunchTests.swift in Sources */ = {isa = PBXBuildFile; fileRef = FAD21D362906651D00F9FD20 /* HARUUITestsLaunchTests.swift */; };
/* End PBXBuildFile section */

/* Begin PBXContainerItemProxy section */
		FAD21D272906651D00F9FD20 /* PBXContainerItemProxy */ = {
			isa = PBXContainerItemProxy;
			containerPortal = FAD21D052906651C00F9FD20 /* Project object */;
			proxyType = 1;
			remoteGlobalIDString = FAD21D0C2906651C00F9FD20;
			remoteInfo = HARU;
		};
		FAD21D312906651D00F9FD20 /* PBXContainerItemProxy */ = {
			isa = PBXContainerItemProxy;
			containerPortal = FAD21D052906651C00F9FD20 /* Project object */;
			proxyType = 1;
			remoteGlobalIDString = FAD21D0C2906651C00F9FD20;
			remoteInfo = HARU;
		};
/* End PBXContainerItemProxy section */

/* Begin PBXFileReference section */
		FA5773AF29066E2300318CFD /* initialViewController.swift */ = {isa = PBXFileReference; lastKnownFileType = sourcecode.swift; path = initialViewController.swift; sourceTree = "<group>"; };
		FAD21D0D2906651C00F9FD20 /* HARU.app */ = {isa = PBXFileReference; explicitFileType = wrapper.application; includeInIndex = 0; path = HARU.app; sourceTree = BUILT_PRODUCTS_DIR; };
		FAD21D102906651C00F9FD20 /* AppDelegate.swift */ = {isa = PBXFileReference; lastKnownFileType = sourcecode.swift; path = AppDelegate.swift; sourceTree = "<group>"; };
		FAD21D122906651C00F9FD20 /* SceneDelegate.swift */ = {isa = PBXFileReference; lastKnownFileType = sourcecode.swift; path = SceneDelegate.swift; sourceTree = "<group>"; };
		FAD21D142906651C00F9FD20 /* ViewController.swift */ = {isa = PBXFileReference; lastKnownFileType = sourcecode.swift; path = ViewController.swift; sourceTree = "<group>"; };
		FAD21D1A2906651C00F9FD20 /* HARU.xcdatamodel */ = {isa = PBXFileReference; lastKnownFileType = wrapper.xcdatamodel; path = HARU.xcdatamodel; sourceTree = "<group>"; };
		FAD21D1C2906651D00F9FD20 /* Assets.xcassets */ = {isa = PBXFileReference; lastKnownFileType = folder.assetcatalog; path = Assets.xcassets; sourceTree = "<group>"; };
		FAD21D1F2906651D00F9FD20 /* Base */ = {isa = PBXFileReference; lastKnownFileType = file.storyboard; name = Base; path = Base.lproj/LaunchScreen.storyboard; sourceTree = "<group>"; };
		FAD21D212906651D00F9FD20 /* Info.plist */ = {isa = PBXFileReference; lastKnownFileType = text.plist.xml; path = Info.plist; sourceTree = "<group>"; };
		FAD21D262906651D00F9FD20 /* HARUTests.xctest */ = {isa = PBXFileReference; explicitFileType = wrapper.cfbundle; includeInIndex = 0; path = HARUTests.xctest; sourceTree = BUILT_PRODUCTS_DIR; };
		FAD21D2A2906651D00F9FD20 /* HARUTests.swift */ = {isa = PBXFileReference; lastKnownFileType = sourcecode.swift; path = HARUTests.swift; sourceTree = "<group>"; };
		FAD21D302906651D00F9FD20 /* HARUUITests.xctest */ = {isa = PBXFileReference; explicitFileType = wrapper.cfbundle; includeInIndex = 0; path = HARUUITests.xctest; sourceTree = BUILT_PRODUCTS_DIR; };
		FAD21D342906651D00F9FD20 /* HARUUITests.swift */ = {isa = PBXFileReference; lastKnownFileType = sourcecode.swift; path = HARUUITests.swift; sourceTree = "<group>"; };
		FAD21D362906651D00F9FD20 /* HARUUITestsLaunchTests.swift */ = {isa = PBXFileReference; lastKnownFileType = sourcecode.swift; path = HARUUITestsLaunchTests.swift; sourceTree = "<group>"; };
/* End PBXFileReference section */

/* Begin PBXFrameworksBuildPhase section */
		FAD21D0A2906651C00F9FD20 /* Frameworks */ = {
			isa = PBXFrameworksBuildPhase;
			buildActionMask = 2147483647;
			files = (
			);
			runOnlyForDeploymentPostprocessing = 0;
		};
		FAD21D232906651D00F9FD20 /* Frameworks */ = {
			isa = PBXFrameworksBuildPhase;
			buildActionMask = 2147483647;
			files = (
			);
			runOnlyForDeploymentPostprocessing = 0;
		};
		FAD21D2D2906651D00F9FD20 /* Frameworks */ = {
			isa = PBXFrameworksBuildPhase;
			buildActionMask = 2147483647;
			files = (
			);
			runOnlyForDeploymentPostprocessing = 0;
		};
/* End PBXFrameworksBuildPhase section */

/* Begin PBXGroup section */
		FAD21D042906651C00F9FD20 = {
			isa = PBXGroup;
			children = (
				FAD21D0F2906651C00F9FD20 /* HARU */,
				FAD21D292906651D00F9FD20 /* HARUTests */,
				FAD21D332906651D00F9FD20 /* HARUUITests */,
				FAD21D0E2906651C00F9FD20 /* Products */,
			);
			sourceTree = "<group>";
		};
		FAD21D0E2906651C00F9FD20 /* Products */ = {
			isa = PBXGroup;
			children = (
				FAD21D0D2906651C00F9FD20 /* HARU.app */,
				FAD21D262906651D00F9FD20 /* HARUTests.xctest */,
				FAD21D302906651D00F9FD20 /* HARUUITests.xctest */,
			);
			name = Products;
			sourceTree = "<group>";
		};
		FAD21D0F2906651C00F9FD20 /* HARU */ = {
			isa = PBXGroup;
			children = (
				FAD21D102906651C00F9FD20 /* AppDelegate.swift */,
				FAD21D122906651C00F9FD20 /* SceneDelegate.swift */,
				FAD21D142906651C00F9FD20 /* ViewController.swift */,
				FAD21D1C2906651D00F9FD20 /* Assets.xcassets */,
				FAD21D1E2906651D00F9FD20 /* LaunchScreen.storyboard */,
				FAD21D212906651D00F9FD20 /* Info.plist */,
				FAD21D192906651C00F9FD20 /* HARU.xcdatamodeld */,
				FA5773AF29066E2300318CFD /* initialViewController.swift */,
			);
			path = HARU;
			sourceTree = "<group>";
		};
		FAD21D292906651D00F9FD20 /* HARUTests */ = {
			isa = PBXGroup;
			children = (
				FAD21D2A2906651D00F9FD20 /* HARUTests.swift */,
			);
			path = HARUTests;
			sourceTree = "<group>";
		};
		FAD21D332906651D00F9FD20 /* HARUUITests */ = {
			isa = PBXGroup;
			children = (
				FAD21D342906651D00F9FD20 /* HARUUITests.swift */,
				FAD21D362906651D00F9FD20 /* HARUUITestsLaunchTests.swift */,
			);
			path = HARUUITests;
			sourceTree = "<group>";
		};
/* End PBXGroup section */

/* Begin PBXNativeTarget section */
		FAD21D0C2906651C00F9FD20 /* HARU */ = {
			isa = PBXNativeTarget;
			buildConfigurationList = FAD21D3A2906651D00F9FD20 /* Build configuration list for PBXNativeTarget "HARU" */;
			buildPhases = (
				FAD21D092906651C00F9FD20 /* Sources */,
				FAD21D0A2906651C00F9FD20 /* Frameworks */,
				FAD21D0B2906651C00F9FD20 /* Resources */,
			);
			buildRules = (
			);
			dependencies = (
			);
			name = HARU;
			productName = HARU;
			productReference = FAD21D0D2906651C00F9FD20 /* HARU.app */;
			productType = "com.apple.product-type.application";
		};
		FAD21D252906651D00F9FD20 /* HARUTests */ = {
			isa = PBXNativeTarget;
			buildConfigurationList = FAD21D3D2906651D00F9FD20 /* Build configuration list for PBXNativeTarget "HARUTests" */;
			buildPhases = (
				FAD21D222906651D00F9FD20 /* Sources */,
				FAD21D232906651D00F9FD20 /* Frameworks */,
				FAD21D242906651D00F9FD20 /* Resources */,
			);
			buildRules = (
			);
			dependencies = (
				FAD21D282906651D00F9FD20 /* PBXTargetDependency */,
			);
			name = HARUTests;
			productName = HARUTests;
			productReference = FAD21D262906651D00F9FD20 /* HARUTests.xctest */;
			productType = "com.apple.product-type.bundle.unit-test";
		};
		FAD21D2F2906651D00F9FD20 /* HARUUITests */ = {
			isa = PBXNativeTarget;
			buildConfigurationList = FAD21D402906651D00F9FD20 /* Build configuration list for PBXNativeTarget "HARUUITests" */;
			buildPhases = (
				FAD21D2C2906651D00F9FD20 /* Sources */,
				FAD21D2D2906651D00F9FD20 /* Frameworks */,
				FAD21D2E2906651D00F9FD20 /* Resources */,
			);
			buildRules = (
			);
			dependencies = (
				FAD21D322906651D00F9FD20 /* PBXTargetDependency */,
			);
			name = HARUUITests;
			productName = HARUUITests;
			productReference = FAD21D302906651D00F9FD20 /* HARUUITests.xctest */;
			productType = "com.apple.product-type.bundle.ui-testing";
		};
/* End PBXNativeTarget section */

/* Begin PBXProject section */
		FAD21D052906651C00F9FD20 /* Project object */ = {
			isa = PBXProject;
			attributes = {
				BuildIndependentTargetsInParallel = 1;
				LastSwiftUpdateCheck = 1400;
				LastUpgradeCheck = 1400;
				TargetAttributes = {
					FAD21D0C2906651C00F9FD20 = {
						CreatedOnToolsVersion = 14.0.1;
					};
					FAD21D252906651D00F9FD20 = {
						CreatedOnToolsVersion = 14.0.1;
						TestTargetID = FAD21D0C2906651C00F9FD20;
					};
					FAD21D2F2906651D00F9FD20 = {
						CreatedOnToolsVersion = 14.0.1;
						TestTargetID = FAD21D0C2906651C00F9FD20;
					};
				};
			};
			buildConfigurationList = FAD21D082906651C00F9FD20 /* Build configuration list for PBXProject "HARU" */;
			compatibilityVersion = "Xcode 14.0";
			developmentRegion = en;
			hasScannedForEncodings = 0;
			knownRegions = (
				en,
				Base,
			);
			mainGroup = FAD21D042906651C00F9FD20;
			productRefGroup = FAD21D0E2906651C00F9FD20 /* Products */;
			projectDirPath = "";
			projectRoot = "";
			targets = (
				FAD21D0C2906651C00F9FD20 /* HARU */,
				FAD21D252906651D00F9FD20 /* HARUTests */,
				FAD21D2F2906651D00F9FD20 /* HARUUITests */,
			);
		};
/* End PBXProject section */

/* Begin PBXResourcesBuildPhase section */
		FAD21D0B2906651C00F9FD20 /* Resources */ = {
			isa = PBXResourcesBuildPhase;
			buildActionMask = 2147483647;
			files = (
				FAD21D202906651D00F9FD20 /* LaunchScreen.storyboard in Resources */,
				FAD21D1D2906651D00F9FD20 /* Assets.xcassets in Resources */,
			);
			runOnlyForDeploymentPostprocessing = 0;
		};
		FAD21D242906651D00F9FD20 /* Resources */ = {
			isa = PBXResourcesBuildPhase;
			buildActionMask = 2147483647;
			files = (
			);
			runOnlyForDeploymentPostprocessing = 0;
		};
		FAD21D2E2906651D00F9FD20 /* Resources */ = {
			isa = PBXResourcesBuildPhase;
			buildActionMask = 2147483647;
			files = (
			);
			runOnlyForDeploymentPostprocessing = 0;
		};
/* End PBXResourcesBuildPhase section */

/* Begin PBXSourcesBuildPhase section */
		FAD21D092906651C00F9FD20 /* Sources */ = {
			isa = PBXSourcesBuildPhase;
			buildActionMask = 2147483647;
			files = (
				FAD21D152906651C00F9FD20 /* ViewController.swift in Sources */,
				FAD21D1B2906651C00F9FD20 /* HARU.xcdatamodeld in Sources */,
				FA5773B029066E2300318CFD /* initialViewController.swift in Sources */,
				FAD21D112906651C00F9FD20 /* AppDelegate.swift in Sources */,
				FAD21D132906651C00F9FD20 /* SceneDelegate.swift in Sources */,
			);
			runOnlyForDeploymentPostprocessing = 0;
		};
		FAD21D222906651D00F9FD20 /* Sources */ = {
			isa = PBXSourcesBuildPhase;
			buildActionMask = 2147483647;
			files = (
				FAD21D2B2906651D00F9FD20 /* HARUTests.swift in Sources */,
			);
			runOnlyForDeploymentPostprocessing = 0;
		};
		FAD21D2C2906651D00F9FD20 /* Sources */ = {
			isa = PBXSourcesBuildPhase;
			buildActionMask = 2147483647;
			files = (
				FAD21D372906651D00F9FD20 /* HARUUITestsLaunchTests.swift in Sources */,
				FAD21D352906651D00F9FD20 /* HARUUITests.swift in Sources */,
			);
			runOnlyForDeploymentPostprocessing = 0;
		};
/* End PBXSourcesBuildPhase section */

/* Begin PBXTargetDependency section */
		FAD21D282906651D00F9FD20 /* PBXTargetDependency */ = {
			isa = PBXTargetDependency;
			target = FAD21D0C2906651C00F9FD20 /* HARU */;
			targetProxy = FAD21D272906651D00F9FD20 /* PBXContainerItemProxy */;
		};
		FAD21D322906651D00F9FD20 /* PBXTargetDependency */ = {
			isa = PBXTargetDependency;
			target = FAD21D0C2906651C00F9FD20 /* HARU */;
			targetProxy = FAD21D312906651D00F9FD20 /* PBXContainerItemProxy */;
		};
/* End PBXTargetDependency section */

/* Begin PBXVariantGroup section */
		FAD21D1E2906651D00F9FD20 /* LaunchScreen.storyboard */ = {
			isa = PBXVariantGroup;
			children = (
				FAD21D1F2906651D00F9FD20 /* Base */,
			);
			name = LaunchScreen.storyboard;
			sourceTree = "<group>";
		};
/* End PBXVariantGroup section */

/* Begin XCBuildConfiguration section */
		FAD21D382906651D00F9FD20 /* Debug */ = {
			isa = XCBuildConfiguration;
			buildSettings = {
				ALWAYS_SEARCH_USER_PATHS = NO;
				CLANG_ANALYZER_NONNULL = YES;
				CLANG_ANALYZER_NUMBER_OBJECT_CONVERSION = YES_AGGRESSIVE;
				CLANG_CXX_LANGUAGE_STANDARD = "gnu++20";
				CLANG_ENABLE_MODULES = YES;
				CLANG_ENABLE_OBJC_ARC = YES;
				CLANG_ENABLE_OBJC_WEAK = YES;
				CLANG_WARN_BLOCK_CAPTURE_AUTORELEASING = YES;
				CLANG_WARN_BOOL_CONVERSION = YES;
				CLANG_WARN_COMMA = YES;
				CLANG_WARN_CONSTANT_CONVERSION = YES;
				CLANG_WARN_DEPRECATED_OBJC_IMPLEMENTATIONS = YES;
				CLANG_WARN_DIRECT_OBJC_ISA_USAGE = YES_ERROR;
				CLANG_WARN_DOCUMENTATION_COMMENTS = YES;
				CLANG_WARN_EMPTY_BODY = YES;
				CLANG_WARN_ENUM_CONVERSION = YES;
				CLANG_WARN_INFINITE_RECURSION = YES;
				CLANG_WARN_INT_CONVERSION = YES;
				CLANG_WARN_NON_LITERAL_NULL_CONVERSION = YES;
				CLANG_WARN_OBJC_IMPLICIT_RETAIN_SELF = YES;
				CLANG_WARN_OBJC_LITERAL_CONVERSION = YES;
				CLANG_WARN_OBJC_ROOT_CLASS = YES_ERROR;
				CLANG_WARN_QUOTED_INCLUDE_IN_FRAMEWORK_HEADER = YES;
				CLANG_WARN_RANGE_LOOP_ANALYSIS = YES;
				CLANG_WARN_STRICT_PROTOTYPES = YES;
				CLANG_WARN_SUSPICIOUS_MOVE = YES;
				CLANG_WARN_UNGUARDED_AVAILABILITY = YES_AGGRESSIVE;
				CLANG_WARN_UNREACHABLE_CODE = YES;
				CLANG_WARN__DUPLICATE_METHOD_MATCH = YES;
				COPY_PHASE_STRIP = NO;
				DEBUG_INFORMATION_FORMAT = dwarf;
				ENABLE_STRICT_OBJC_MSGSEND = YES;
				ENABLE_TESTABILITY = YES;
				GCC_C_LANGUAGE_STANDARD = gnu11;
				GCC_DYNAMIC_NO_PIC = NO;
				GCC_NO_COMMON_BLOCKS = YES;
				GCC_OPTIMIZATION_LEVEL = 0;
				GCC_PREPROCESSOR_DEFINITIONS = (
					"DEBUG=1",
					"$(inherited)",
				);
				GCC_WARN_64_TO_32_BIT_CONVERSION = YES;
				GCC_WARN_ABOUT_RETURN_TYPE = YES_ERROR;
				GCC_WARN_UNDECLARED_SELECTOR = YES;
				GCC_WARN_UNINITIALIZED_AUTOS = YES_AGGRESSIVE;
				GCC_WARN_UNUSED_FUNCTION = YES;
				GCC_WARN_UNUSED_VARIABLE = YES;
				IPHONEOS_DEPLOYMENT_TARGET = 16.0;
				MTL_ENABLE_DEBUG_INFO = INCLUDE_SOURCE;
				MTL_FAST_MATH = YES;
				ONLY_ACTIVE_ARCH = YES;
				SDKROOT = iphoneos;
				SWIFT_ACTIVE_COMPILATION_CONDITIONS = DEBUG;
				SWIFT_OPTIMIZATION_LEVEL = "-Onone";
			};
			name = Debug;
		};
		FAD21D392906651D00F9FD20 /* Release */ = {
			isa = XCBuildConfiguration;
			buildSettings = {
				ALWAYS_SEARCH_USER_PATHS = NO;
				CLANG_ANALYZER_NONNULL = YES;
				CLANG_ANALYZER_NUMBER_OBJECT_CONVERSION = YES_AGGRESSIVE;
				CLANG_CXX_LANGUAGE_STANDARD = "gnu++20";
				CLANG_ENABLE_MODULES = YES;
				CLANG_ENABLE_OBJC_ARC = YES;
				CLANG_ENABLE_OBJC_WEAK = YES;
				CLANG_WARN_BLOCK_CAPTURE_AUTORELEASING = YES;
				CLANG_WARN_BOOL_CONVERSION = YES;
				CLANG_WARN_COMMA = YES;
				CLANG_WARN_CONSTANT_CONVERSION = YES;
				CLANG_WARN_DEPRECATED_OBJC_IMPLEMENTATIONS = YES;
				CLANG_WARN_DIRECT_OBJC_ISA_USAGE = YES_ERROR;
				CLANG_WARN_DOCUMENTATION_COMMENTS = YES;
				CLANG_WARN_EMPTY_BODY = YES;
				CLANG_WARN_ENUM_CONVERSION = YES;
				CLANG_WARN_INFINITE_RECURSION = YES;
				CLANG_WARN_INT_CONVERSION = YES;
				CLANG_WARN_NON_LITERAL_NULL_CONVERSION = YES;
				CLANG_WARN_OBJC_IMPLICIT_RETAIN_SELF = YES;
				CLANG_WARN_OBJC_LITERAL_CONVERSION = YES;
				CLANG_WARN_OBJC_ROOT_CLASS = YES_ERROR;
				CLANG_WARN_QUOTED_INCLUDE_IN_FRAMEWORK_HEADER = YES;
				CLANG_WARN_RANGE_LOOP_ANALYSIS = YES;
				CLANG_WARN_STRICT_PROTOTYPES = YES;
				CLANG_WARN_SUSPICIOUS_MOVE = YES;
				CLANG_WARN_UNGUARDED_AVAILABILITY = YES_AGGRESSIVE;
				CLANG_WARN_UNREACHABLE_CODE = YES;
				CLANG_WARN__DUPLICATE_METHOD_MATCH = YES;
				COPY_PHASE_STRIP = NO;
				DEBUG_INFORMATION_FORMAT = "dwarf-with-dsym";
				ENABLE_NS_ASSERTIONS = NO;
				ENABLE_STRICT_OBJC_MSGSEND = YES;
				GCC_C_LANGUAGE_STANDARD = gnu11;
				GCC_NO_COMMON_BLOCKS = YES;
				GCC_WARN_64_TO_32_BIT_CONVERSION = YES;
				GCC_WARN_ABOUT_RETURN_TYPE = YES_ERROR;
				GCC_WARN_UNDECLARED_SELECTOR = YES;
				GCC_WARN_UNINITIALIZED_AUTOS = YES_AGGRESSIVE;
				GCC_WARN_UNUSED_FUNCTION = YES;
				GCC_WARN_UNUSED_VARIABLE = YES;
				IPHONEOS_DEPLOYMENT_TARGET = 16.0;
				MTL_ENABLE_DEBUG_INFO = NO;
				MTL_FAST_MATH = YES;
				SDKROOT = iphoneos;
				SWIFT_COMPILATION_MODE = wholemodule;
				SWIFT_OPTIMIZATION_LEVEL = "-O";
				VALIDATE_PRODUCT = YES;
			};
			name = Release;
		};
		FAD21D3B2906651D00F9FD20 /* Debug */ = {
			isa = XCBuildConfiguration;
			buildSettings = {
				ASSETCATALOG_COMPILER_APPICON_NAME = AppIcon;
				ASSETCATALOG_COMPILER_GLOBAL_ACCENT_COLOR_NAME = AccentColor;
				CODE_SIGN_STYLE = Automatic;
				CURRENT_PROJECT_VERSION = 1;
				DEVELOPMENT_TEAM = 6578S57CDT;
				GENERATE_INFOPLIST_FILE = YES;
				INFOPLIST_FILE = HARU/Info.plist;
				INFOPLIST_KEY_UIApplicationSupportsIndirectInputEvents = YES;
				INFOPLIST_KEY_UILaunchStoryboardName = LaunchScreen;
				INFOPLIST_KEY_UIMainStoryboardFile = "";
				INFOPLIST_KEY_UISupportedInterfaceOrientations_iPad = "UIInterfaceOrientationPortrait UIInterfaceOrientationPortraitUpsideDown UIInterfaceOrientationLandscapeLeft UIInterfaceOrientationLandscapeRight";
				INFOPLIST_KEY_UISupportedInterfaceOrientations_iPhone = "UIInterfaceOrientationPortrait UIInterfaceOrientationLandscapeLeft UIInterfaceOrientationLandscapeRight";
				LD_RUNPATH_SEARCH_PATHS = (
					"$(inherited)",
					"@executable_path/Frameworks",
				);
				MARKETING_VERSION = 1.0;
				PRODUCT_BUNDLE_IDENTIFIER = Jaehyeoklim.HARU;
				PRODUCT_NAME = "$(TARGET_NAME)";
				SWIFT_EMIT_LOC_STRINGS = YES;
				SWIFT_VERSION = 5.0;
				TARGETED_DEVICE_FAMILY = "1,2";
			};
			name = Debug;
		};
		FAD21D3C2906651D00F9FD20 /* Release */ = {
			isa = XCBuildConfiguration;
			buildSettings = {
				ASSETCATALOG_COMPILER_APPICON_NAME = AppIcon;
				ASSETCATALOG_COMPILER_GLOBAL_ACCENT_COLOR_NAME = AccentColor;
				CODE_SIGN_STYLE = Automatic;
				CURRENT_PROJECT_VERSION = 1;
				DEVELOPMENT_TEAM = 6578S57CDT;
				GENERATE_INFOPLIST_FILE = YES;
				INFOPLIST_FILE = HARU/Info.plist;
				INFOPLIST_KEY_UIApplicationSupportsIndirectInputEvents = YES;
				INFOPLIST_KEY_UILaunchStoryboardName = LaunchScreen;
				INFOPLIST_KEY_UIMainStoryboardFile = "";
				INFOPLIST_KEY_UISupportedInterfaceOrientations_iPad = "UIInterfaceOrientationPortrait UIInterfaceOrientationPortraitUpsideDown UIInterfaceOrientationLandscapeLeft UIInterfaceOrientationLandscapeRight";
				INFOPLIST_KEY_UISupportedInterfaceOrientations_iPhone = "UIInterfaceOrientationPortrait UIInterfaceOrientationLandscapeLeft UIInterfaceOrientationLandscapeRight";
				LD_RUNPATH_SEARCH_PATHS = (
					"$(inherited)",
					"@executable_path/Frameworks",
				);
				MARKETING_VERSION = 1.0;
				PRODUCT_BUNDLE_IDENTIFIER = Jaehyeoklim.HARU;
				PRODUCT_NAME = "$(TARGET_NAME)";
				SWIFT_EMIT_LOC_STRINGS = YES;
				SWIFT_VERSION = 5.0;
				TARGETED_DEVICE_FAMILY = "1,2";
			};
			name = Release;
		};
		FAD21D3E2906651D00F9FD20 /* Debug */ = {
			isa = XCBuildConfiguration;
			buildSettings = {
				ALWAYS_EMBED_SWIFT_STANDARD_LIBRARIES = YES;
				BUNDLE_LOADER = "$(TEST_HOST)";
				CODE_SIGN_STYLE = Automatic;
				CURRENT_PROJECT_VERSION = 1;
				DEVELOPMENT_TEAM = 6578S57CDT;
				GENERATE_INFOPLIST_FILE = YES;
				IPHONEOS_DEPLOYMENT_TARGET = 16.0;
				MARKETING_VERSION = 1.0;
				PRODUCT_BUNDLE_IDENTIFIER = Jaehyeoklim.HARUTests;
				PRODUCT_NAME = "$(TARGET_NAME)";
				SWIFT_EMIT_LOC_STRINGS = NO;
				SWIFT_VERSION = 5.0;
				TARGETED_DEVICE_FAMILY = "1,2";
				TEST_HOST = "$(BUILT_PRODUCTS_DIR)/HARU.app/$(BUNDLE_EXECUTABLE_FOLDER_PATH)/HARU";
			};
			name = Debug;
		};
		FAD21D3F2906651D00F9FD20 /* Release */ = {
			isa = XCBuildConfiguration;
			buildSettings = {
				ALWAYS_EMBED_SWIFT_STANDARD_LIBRARIES = YES;
				BUNDLE_LOADER = "$(TEST_HOST)";
				CODE_SIGN_STYLE = Automatic;
				CURRENT_PROJECT_VERSION = 1;
				DEVELOPMENT_TEAM = 6578S57CDT;
				GENERATE_INFOPLIST_FILE = YES;
				IPHONEOS_DEPLOYMENT_TARGET = 16.0;
				MARKETING_VERSION = 1.0;
				PRODUCT_BUNDLE_IDENTIFIER = Jaehyeoklim.HARUTests;
				PRODUCT_NAME = "$(TARGET_NAME)";
				SWIFT_EMIT_LOC_STRINGS = NO;
				SWIFT_VERSION = 5.0;
				TARGETED_DEVICE_FAMILY = "1,2";
				TEST_HOST = "$(BUILT_PRODUCTS_DIR)/HARU.app/$(BUNDLE_EXECUTABLE_FOLDER_PATH)/HARU";
			};
			name = Release;
		};
		FAD21D412906651D00F9FD20 /* Debug */ = {
			isa = XCBuildConfiguration;
			buildSettings = {
				ALWAYS_EMBED_SWIFT_STANDARD_LIBRARIES = YES;
				CODE_SIGN_STYLE = Automatic;
				CURRENT_PROJECT_VERSION = 1;
				DEVELOPMENT_TEAM = 6578S57CDT;
				GENERATE_INFOPLIST_FILE = YES;
				MARKETING_VERSION = 1.0;
				PRODUCT_BUNDLE_IDENTIFIER = Jaehyeoklim.HARUUITests;
				PRODUCT_NAME = "$(TARGET_NAME)";
				SWIFT_EMIT_LOC_STRINGS = NO;
				SWIFT_VERSION = 5.0;
				TARGETED_DEVICE_FAMILY = "1,2";
				TEST_TARGET_NAME = HARU;
			};
			name = Debug;
		};
		FAD21D422906651D00F9FD20 /* Release */ = {
			isa = XCBuildConfiguration;
			buildSettings = {
				ALWAYS_EMBED_SWIFT_STANDARD_LIBRARIES = YES;
				CODE_SIGN_STYLE = Automatic;
				CURRENT_PROJECT_VERSION = 1;
				DEVELOPMENT_TEAM = 6578S57CDT;
				GENERATE_INFOPLIST_FILE = YES;
				MARKETING_VERSION = 1.0;
				PRODUCT_BUNDLE_IDENTIFIER = Jaehyeoklim.HARUUITests;
				PRODUCT_NAME = "$(TARGET_NAME)";
				SWIFT_EMIT_LOC_STRINGS = NO;
				SWIFT_VERSION = 5.0;
				TARGETED_DEVICE_FAMILY = "1,2";
				TEST_TARGET_NAME = HARU;
			};
			name = Release;
		};
/* End XCBuildConfiguration section */

/* Begin XCConfigurationList section */
		FAD21D082906651C00F9FD20 /* Build configuration list for PBXProject "HARU" */ = {
			isa = XCConfigurationList;
			buildConfigurations = (
				FAD21D382906651D00F9FD20 /* Debug */,
				FAD21D392906651D00F9FD20 /* Release */,
			);
			defaultConfigurationIsVisible = 0;
			defaultConfigurationName = Release;
		};
		FAD21D3A2906651D00F9FD20 /* Build configuration list for PBXNativeTarget "HARU" */ = {
			isa = XCConfigurationList;
			buildConfigurations = (
				FAD21D3B2906651D00F9FD20 /* Debug */,
				FAD21D3C2906651D00F9FD20 /* Release */,
			);
			defaultConfigurationIsVisible = 0;
			defaultConfigurationName = Release;
		};
		FAD21D3D2906651D00F9FD20 /* Build configuration list for PBXNativeTarget "HARUTests" */ = {
			isa = XCConfigurationList;
			buildConfigurations = (
				FAD21D3E2906651D00F9FD20 /* Debug */,
				FAD21D3F2906651D00F9FD20 /* Release */,
			);
			defaultConfigurationIsVisible = 0;
			defaultConfigurationName = Release;
		};
		FAD21D402906651D00F9FD20 /* Build configuration list for PBXNativeTarget "HARUUITests" */ = {
			isa = XCConfigurationList;
			buildConfigurations = (
				FAD21D412906651D00F9FD20 /* Debug */,
				FAD21D422906651D00F9FD20 /* Release */,
			);
			defaultConfigurationIsVisible = 0;
			defaultConfigurationName = Release;
		};
/* End XCConfigurationList section */

/* Begin XCVersionGroup section */
		FAD21D192906651C00F9FD20 /* HARU.xcdatamodeld */ = {
			isa = XCVersionGroup;
			children = (
				FAD21D1A2906651C00F9FD20 /* HARU.xcdatamodel */,
			);
			currentVersion = FAD21D1A2906651C00F9FD20 /* HARU.xcdatamodel */;
			path = HARU.xcdatamodeld;
			sourceTree = "<group>";
			versionGroupType = wrapper.xcdatamodel;
		};
/* End XCVersionGroup section */
	};
	rootObject = FAD21D052906651C00F9FD20 /* Project object */;
}
